
Microsoft Visual Studio Solution File, Format Version 12.00
# Visual Studio Version 17
VisualStudioVersion = 17.9.34902.65
MinimumVisualStudioVersion = 10.0.40219.1
Project("{FAE04EC0-301F-11D3-BF4B-00C04F79EFBC}") = "StoreFront.UI.MVC", "StoreFront.UI.MVC\StoreFront.UI.MVC.csproj", "{725F79A8-C246-46D0-8000-5DC47D3F6829}"
EndProject
Project("{FAE04EC0-301F-11D3-BF4B-00C04F79EFBC}") = "StoreFront.Data.EF", "StoreFront.Data.EF\StoreFront.Data.EF.csproj", "{B58E3ACF-ED0E-4229-8BF4-C76E05345BBB}"
EndProject
Global
	GlobalSection(SolutionConfigurationPlatforms) = preSolution
		Debug|Any CPU = Debug|Any CPU
		Release|Any CPU = Release|Any CPU
	EndGlobalSection
	GlobalSection(ProjectConfigurationPlatforms) = postSolution
		{725F79A8-C246-46D0-8000-5DC47D3F6829}.Debug|Any CPU.ActiveCfg = Debug|Any CPU
		{725F79A8-C246-46D0-8000-5DC47D3F6829}.Debug|Any CPU.Build.0 = Debug|Any CPU
		{725F79A8-C246-46D0-8000-5DC47D3F6829}.Release|Any CPU.ActiveCfg = Release|Any CPU
		{725F79A8-C246-46D0-8000-5DC47D3F6829}.Release|Any CPU.Build.0 = Release|Any CPU
		{B58E3ACF-ED0E-4229-8BF4-C76E05345BBB}.Debug|Any CPU.ActiveCfg = Debug|Any CPU
		{B58E3ACF-ED0E-4229-8BF4-C76E05345BBB}.Debug|Any CPU.Build.0 = Debug|Any CPU
		{B58E3ACF-ED0E-4229-8BF4-C76E05345BBB}.Release|Any CPU.ActiveCfg = Release|Any CPU
		{B58E3ACF-ED0E-4229-8BF4-C76E05345BBB}.Release|Any CPU.Build.0 = Release|Any CPU
	EndGlobalSection
	GlobalSection(SolutionProperties) = preSolution
		HideSolutionNode = FALSE
	EndGlobalSection
	GlobalSection(ExtensibilityGlobals) = postSolution
		SolutionGuid = {627E4B64-CD7E-4B48-831D-CF9723A4A371}
	EndGlobalSection
EndGlobal
